{
  "nodes": {
    "nixpkgs": {
      "locked": {
        "lastModified": 1780902259,
        "narHash": "sha256-YMnBf9lk/LYgvqfmSSJuOGigtRs5Lsy26pJHVlR9yMY=",
        "rev": "bd0ff2d3eac24699c3664d5966b9ef36f388e2ca",
        "type": "tarball",
        "url": "https://releases.nixos.org/nixos/26.05/nixos-26.05.1550.bd0ff2d3eac2/nixexprs.tar.xz?lastModified=1780902259&rev=bd0ff2d3eac24699c3664d5966b9ef36f388e2ca"
      },
      "original": {
        "type": "tarball",
        "url": "https://channels.nixos.org/nixos-26.05/nixexprs.tar.xz"
      }
    },
    "root": {
      "inputs": {
        "nixpkgs": "nixpkgs"
      }
    }
  },
  "root": "root",
  "version": 7
}
